
Microsoft Visual Studio Solution File, Format Version 12.00
# Visual Studio 15
Project("{FAE04EC0-301F-11D3-BF4B-00C04F79EFBC}") = "Assembly-CSharp", "Assembly-CSharp.csproj", "{A93D21D1-3266-D59F-9DD8-A6F85E0D03DC}"
EndProject
Project("{FAE04EC0-301F-11D3-BF4B-00C04F79EFBC}") = "Substance.Platform", "Substance.Platform.csproj", "{05D8825A-074C-8FDA-563E-B5400030AA5E}"
EndProject
Project("{FAE04EC0-301F-11D3-BF4B-00C04F79EFBC}") = "Assembly-CSharp-Editor", "Assembly-CSharp-Editor.csproj", "{725C5F0F-F5AF-4E5B-F224-DBE4A46D86F2}"
EndProject
Global
	GlobalSection(SolutionConfigurationPlatforms) = preSolution
		Debug|Any CPU = Debug|Any CPU
		Release|Any CPU = Release|Any CPU
	EndGlobalSection
	GlobalSection(ProjectConfigurationPlatforms) = postSolution
		{A93D21D1-3266-D59F-9DD8-A6F85E0D03DC}.Debug|Any CPU.ActiveCfg = Debug|Any CPU
		{A93D21D1-3266-D59F-9DD8-A6F85E0D03DC}.Debug|Any CPU.Build.0 = Debug|Any CPU
		{A93D21D1-3266-D59F-9DD8-A6F85E0D03DC}.Release|Any CPU.ActiveCfg = Release|Any CPU
		{A93D21D1-3266-D59F-9DD8-A6F85E0D03DC}.Release|Any CPU.Build.0 = Release|Any CPU
		{05D8825A-074C-8FDA-563E-B5400030AA5E}.Debug|Any CPU.ActiveCfg = Debug|Any CPU
		{05D8825A-074C-8FDA-563E-B5400030AA5E}.Debug|Any CPU.Build.0 = Debug|Any CPU
		{05D8825A-074C-8FDA-563E-B5400030AA5E}.Release|Any CPU.ActiveCfg = Release|Any CPU
		{05D8825A-074C-8FDA-563E-B5400030AA5E}.Release|Any CPU.Build.0 = Release|Any CPU
		{725C5F0F-F5AF-4E5B-F224-DBE4A46D86F2}.Debug|Any CPU.ActiveCfg = Debug|Any CPU
		{725C5F0F-F5AF-4E5B-F224-DBE4A46D86F2}.Debug|Any CPU.Build.0 = Debug|Any CPU
		{725C5F0F-F5AF-4E5B-F224-DBE4A46D86F2}.Release|Any CPU.ActiveCfg = Release|Any CPU
		{725C5F0F-F5AF-4E5B-F224-DBE4A46D86F2}.Release|Any CPU.Build.0 = Release|Any CPU
	EndGlobalSection
	GlobalSection(SolutionProperties) = preSolution
		HideSolutionNode = FALSE
	EndGlobalSection
EndGlobal
